{
  "dependencies": {
    "externalify": {
      "version": "0.1.0",
      "dependencies": {
        "globo": {
          "version": "1.0.2",
          "dependencies": {
            "accessory": {
              "version": "1.0.1",
              "dependencies": {
                "dot-parts": {
                  "version": "1.0.1"
                }
              }
            },
            "is-defined": {
              "version": "1.0.0"
            },
            "ternary": {
              "version": "1.0.0"
            }
          }
        },
        "map-obj": {
          "version": "1.0.1"
        },
        "replace-require-functions": {
          "version": "1.0.0",
          "dependencies": {
            "detective": {
              "version": "4.1.1",
              "dependencies": {
                "acorn": {
                  "version": "1.2.2"
                },
                "defined": {
                  "version": "1.0.0"
                },
                "escodegen": {
                  "version": "1.7.0",
                  "dependencies": {
                    "estraverse": {
                      "version": "1.9.3"
                    },
                    "esutils": {
                      "version": "2.0.2"
                    },
                    "esprima": {
                      "version": "1.2.5"
                    },
                    "optionator": {
                      "version": "0.5.0",
                      "dependencies": {
                        "prelude-ls": {
                          "version": "1.1.2"
                        },
                        "deep-is": {
                          "version": "0.1.3"
                        },
                        "wordwrap": {
                          "version": "0.0.3"
                        },
                        "type-check": {
                          "version": "0.3.1"
                        },
                        "levn": {
                          "version": "0.2.5"
                        },
                        "fast-levenshtein": {
                          "version": "1.0.7"
                        }
                      }
                    },
                    "source-map": {
                      "version": "0.2.0",
                      "dependencies": {
                        "amdefine": {
                          "version": "1.0.0"
                        }
                      }
                    }
                  }
                }
              }
            },
            "has-require": {
              "version": "1.2.1",
              "dependencies": {
                "escape-string-regexp": {
                  "version": "1.0.3"
                }
              }
            },
            "patch-text": {
              "version": "1.0.2"
            },
            "xtend": {
              "version": "4.0.1"
            }
          }
        },
        "through2": {
          "version": "0.4.2",
          "dependencies": {
            "readable-stream": {
              "version": "1.0.33",
              "dependencies": {
                "core-util-is": {
                  "version": "1.0.1"
                },
                "isarray": {
                  "version": "0.0.1"
                },
                "string_decoder": {
                  "version": "0.10.31"
                },
                "inherits": {
                  "version": "2.0.1"
                }
              }
            },
            "xtend": {
              "version": "2.1.2",
              "dependencies": {
                "object-keys": {
                  "version": "0.4.0"
                }
              }
            }
          }
        },
        "transformify": {
          "version": "0.1.2",
          "dependencies": {
            "readable-stream": {
              "version": "1.1.13",
              "dependencies": {
                "core-util-is": {
                  "version": "1.0.1"
                },
                "isarray": {
                  "version": "0.0.1"
                },
                "string_decoder": {
                  "version": "0.10.31"
                },
                "inherits": {
                  "version": "2.0.1"
                }
              }
            }
          }
        }
      }
    },
    "radium": {
      "version": "0.14.3",
      "dependencies": {
        "array-find": {
          "version": "1.0.0"
        },
        "babel": {
          "version": "5.8.29",
          "dependencies": {
            "babel-core": {
              "version": "5.8.33",
              "dependencies": {
                "babel-plugin-constant-folding": {
                  "version": "1.0.1"
                },
                "babel-plugin-dead-code-elimination": {
                  "version": "1.0.2"
                },
                "babel-plugin-eval": {
                  "version": "1.0.1"
                },
                "babel-plugin-inline-environment-variables": {
                  "version": "1.0.1"
                },
                "babel-plugin-jscript": {
                  "version": "1.0.4"
                },
                "babel-plugin-member-expression-literals": {
                  "version": "1.0.1"
                },
                "babel-plugin-property-literals": {
                  "version": "1.0.1"
                },
                "babel-plugin-proto-to-assign": {
                  "version": "1.0.4"
                },
                "babel-plugin-react-constant-elements": {
                  "version": "1.0.3"
                },
                "babel-plugin-react-display-name": {
                  "version": "1.0.3"
                },
                "babel-plugin-remove-console": {
                  "version": "1.0.1"
                },
                "babel-plugin-remove-debugger": {
                  "version": "1.0.1"
                },
                "babel-plugin-runtime": {
                  "version": "1.0.7"
                },
                "babel-plugin-undeclared-variables-check": {
                  "version": "1.0.2",
                  "dependencies": {
                    "leven": {
                      "version": "1.0.2"
                    }
                  }
                },
                "babel-plugin-undefined-to-void": {
                  "version": "1.1.6"
                },
                "babylon": {
                  "version": "5.8.29"
                },
                "bluebird": {
                  "version": "2.10.2"
                },
                "chalk": {
                  "version": "1.1.1",
                  "dependencies": {
                    "ansi-styles": {
                      "version": "2.1.0"
                    },
                    "escape-string-regexp": {
                      "version": "1.0.3"
                    },
                    "has-ansi": {
                      "version": "2.0.0",
                      "dependencies": {
                        "ansi-regex": {
                          "version": "2.0.0"
                        }
                      }
                    },
                    "strip-ansi": {
                      "version": "3.0.0",
                      "dependencies": {
                        "ansi-regex": {
                          "version": "2.0.0"
                        }
                      }
                    },
                    "supports-color": {
                      "version": "2.0.0"
                    }
                  }
                },
                "core-js": {
                  "version": "1.2.5"
                },
                "debug": {
                  "version": "2.2.0",
                  "dependencies": {
                    "ms": {
                      "version": "0.7.1"
                    }
                  }
                },
                "detect-indent": {
                  "version": "3.0.1",
                  "dependencies": {
                    "get-stdin": {
                      "version": "4.0.1"
                    },
                    "minimist": {
                      "version": "1.2.0"
                    }
                  }
                },
                "esutils": {
                  "version": "2.0.2"
                },
                "globals": {
                  "version": "6.4.1"
                },
                "home-or-tmp": {
                  "version": "1.0.0",
                  "dependencies": {
                    "os-tmpdir": {
                      "version": "1.0.1"
                    },
                    "user-home": {
                      "version": "1.1.1"
                    }
                  }
                },
                "is-integer": {
                  "version": "1.0.6",
                  "dependencies": {
                    "is-finite": {
                      "version": "1.0.1",
                      "dependencies": {
                        "number-is-nan": {
                          "version": "1.0.0"
                        }
                      }
                    }
                  }
                },
                "js-tokens": {
                  "version": "1.0.1"
                },
                "json5": {
                  "version": "0.4.0"
                },
                "line-numbers": {
                  "version": "0.2.0",
                  "dependencies": {
                    "left-pad": {
                      "version": "0.0.3"
                    }
                  }
                },
                "minimatch": {
                  "version": "2.0.10",
                  "dependencies": {
                    "brace-expansion": {
                      "version": "1.1.1",
                      "dependencies": {
                        "balanced-match": {
                          "version": "0.2.1"
                        },
                        "concat-map": {
                          "version": "0.0.1"
                        }
                      }
                    }
                  }
                },
                "private": {
                  "version": "0.1.6"
                },
                "regenerator": {
                  "version": "0.8.40",
                  "dependencies": {
                    "commoner": {
                      "version": "0.10.4",
                      "dependencies": {
                        "detective": {
                          "version": "4.3.1",
                          "dependencies": {
                            "acorn": {
                              "version": "1.2.2"
                            },
                            "defined": {
                              "version": "1.0.0"
                            }
                          }
                        },
                        "graceful-fs": {
                          "version": "4.1.2"
                        },
                        "iconv-lite": {
                          "version": "0.4.13"
                        },
                        "mkdirp": {
                          "version": "0.5.1",
                          "dependencies": {
                            "minimist": {
                              "version": "0.0.8"
                            }
                          }
                        },
                        "q": {
                          "version": "1.4.1"
                        }
                      }
                    },
                    "defs": {
                      "version": "1.1.1",
                      "dependencies": {
                        "alter": {
                          "version": "0.2.0",
                          "dependencies": {
                            "stable": {
                              "version": "0.1.5"
                            }
                          }
                        },
                        "ast-traverse": {
                          "version": "0.1.1"
                        },
                        "breakable": {
                          "version": "1.0.0"
                        },
                        "simple-fmt": {
                          "version": "0.1.0"
                        },
                        "simple-is": {
                          "version": "0.2.0"
                        },
                        "stringmap": {
                          "version": "0.2.2"
                        },
                        "stringset": {
                          "version": "0.2.1"
                        },
                        "tryor": {
                          "version": "0.1.2"
                        },
                        "yargs": {
                          "version": "3.27.0",
                          "dependencies": {
                            "camelcase": {
                              "version": "1.2.1"
                            },
                            "cliui": {
                              "version": "2.1.0",
                              "dependencies": {
                                "center-align": {
                                  "version": "0.1.2",
                                  "dependencies": {
                                    "align-text": {
                                      "version": "0.1.3",
                                      "dependencies": {
                                        "kind-of": {
                                          "version": "2.0.1",
                                          "dependencies": {
                                            "is-buffer": {
                                              "version": "1.1.0"
                                            }
                                          }
                                        },
                                        "longest": {
                                          "version": "1.0.1"
                                        },
                                        "repeat-string": {
                                          "version": "1.5.2"
                                        }
                                      }
                                    },
                                    "lazy-cache": {
                                      "version": "0.2.4"
                                    }
                                  }
                                },
                                "right-align": {
                                  "version": "0.1.3",
                                  "dependencies": {
                                    "align-text": {
                                      "version": "0.1.3",
                                      "dependencies": {
                                        "kind-of": {
                                          "version": "2.0.1",
                                          "dependencies": {
                                            "is-buffer": {
                                              "version": "1.1.0"
                                            }
                                          }
                                        },
                                        "longest": {
                                          "version": "1.0.1"
                                        },
                                        "repeat-string": {
                                          "version": "1.5.2"
                                        }
                                      }
                                    }
                                  }
                                },
                                "wordwrap": {
                                  "version": "0.0.2"
                                }
                              }
                            },
                            "decamelize": {
                              "version": "1.1.1"
                            },
                            "os-locale": {
                              "version": "1.4.0",
                              "dependencies": {
                                "lcid": {
                                  "version": "1.0.0",
                                  "dependencies": {
                                    "invert-kv": {
                                      "version": "1.0.0"
                                    }
                                  }
                                }
                              }
                            },
                            "window-size": {
                              "version": "0.1.2"
                            },
                            "y18n": {
                              "version": "3.2.0"
                            }
                          }
                        }
                      }
                    },
                    "esprima-fb": {
                      "version": "15001.1001.0-dev-harmony-fb"
                    },
                    "recast": {
                      "version": "0.10.33",
                      "dependencies": {
                        "ast-types": {
                          "version": "0.8.12"
                        }
                      }
                    },
                    "through": {
                      "version": "2.3.8"
                    }
                  }
                },
                "regexpu": {
                  "version": "1.3.0",
                  "dependencies": {
                    "esprima": {
                      "version": "2.7.0"
                    },
                    "recast": {
                      "version": "0.10.37",
                      "dependencies": {
                        "esprima-fb": {
                          "version": "15001.1001.0-dev-harmony-fb"
                        },
                        "ast-types": {
                          "version": "0.8.12"
                        }
                      }
                    },
                    "regenerate": {
                      "version": "1.2.1"
                    },
                    "regjsgen": {
                      "version": "0.2.0"
                    },
                    "regjsparser": {
                      "version": "0.1.5",
                      "dependencies": {
                        "jsesc": {
                          "version": "0.5.0"
                        }
                      }
                    }
                  }
                },
                "repeating": {
                  "version": "1.1.3",
                  "dependencies": {
                    "is-finite": {
                      "version": "1.0.1",
                      "dependencies": {
                        "number-is-nan": {
                          "version": "1.0.0"
                        }
                      }
                    }
                  }
                },
                "resolve": {
                  "version": "1.1.6"
                },
                "shebang-regex": {
                  "version": "1.0.0"
                },
                "source-map-support": {
                  "version": "0.2.10",
                  "dependencies": {
                    "source-map": {
                      "version": "0.1.32",
                      "dependencies": {
                        "amdefine": {
                          "version": "1.0.0"
                        }
                      }
                    }
                  }
                },
                "to-fast-properties": {
                  "version": "1.0.1"
                },
                "trim-right": {
                  "version": "1.0.1"
                },
                "try-resolve": {
                  "version": "1.0.1"
                }
              }
            },
            "chokidar": {
              "version": "1.2.0",
              "dependencies": {
                "anymatch": {
                  "version": "1.3.0",
                  "dependencies": {
                    "micromatch": {
                      "version": "2.2.0",
                      "dependencies": {
                        "arr-diff": {
                          "version": "1.1.0",
                          "dependencies": {
                            "arr-flatten": {
                              "version": "1.0.1"
                            },
                            "array-slice": {
                              "version": "0.2.3"
                            }
                          }
                        },
                        "array-unique": {
                          "version": "0.2.1"
                        },
                        "braces": {
                          "version": "1.8.2",
                          "dependencies": {
                            "expand-range": {
                              "version": "1.8.1",
                              "dependencies": {
                                "fill-range": {
                                  "version": "2.2.2",
                                  "dependencies": {
                                    "is-number": {
                                      "version": "1.1.2"
                                    },
                                    "isobject": {
                                      "version": "1.0.2"
                                    },
                                    "randomatic": {
                                      "version": "1.1.0"
                                    },
                                    "repeat-string": {
                                      "version": "1.5.2"
                                    }
                                  }
                                }
                              }
                            },
                            "lazy-cache": {
                              "version": "0.2.4"
                            },
                            "preserve": {
                              "version": "0.2.0"
                            },
                            "repeat-element": {
                              "version": "1.1.2"
                            }
                          }
                        },
                        "expand-brackets": {
                          "version": "0.1.4"
                        },
                        "extglob": {
                          "version": "0.3.1",
                          "dependencies": {
                            "ansi-green": {
                              "version": "0.1.1",
                              "dependencies": {
                                "ansi-wrap": {
                                  "version": "0.1.0"
                                }
                              }
                            },
                            "is-extglob": {
                              "version": "1.0.0"
                            },
                            "success-symbol": {
                              "version": "0.1.0"
                            }
                          }
                        },
                        "filename-regex": {
                          "version": "2.0.0"
                        },
                        "is-glob": {
                          "version": "1.1.3"
                        },
                        "kind-of": {
                          "version": "1.1.0"
                        },
                        "object.omit": {
                          "version": "1.1.0",
                          "dependencies": {
                            "for-own": {
                              "version": "0.1.3",
                              "dependencies": {
                                "for-in": {
                                  "version": "0.1.4"
                                }
                              }
                            },
                            "isobject": {
                              "version": "1.0.2"
                            }
                          }
                        },
                        "parse-glob": {
                          "version": "3.0.4",
                          "dependencies": {
                            "glob-base": {
                              "version": "0.3.0"
                            },
                            "is-dotfile": {
                              "version": "1.0.2"
                            },
                            "is-extglob": {
                              "version": "1.0.0"
                            },
                            "is-glob": {
                              "version": "2.0.1"
                            }
                          }
                        },
                        "regex-cache": {
                          "version": "0.4.2",
                          "dependencies": {
                            "is-equal-shallow": {
                              "version": "0.1.3"
                            },
                            "is-primitive": {
                              "version": "2.0.0"
                            }
                          }
                        }
                      }
                    }
                  }
                },
                "arrify": {
                  "version": "1.0.0"
                },
                "async-each": {
                  "version": "0.1.6"
                },
                "glob-parent": {
                  "version": "2.0.0"
                },
                "is-binary-path": {
                  "version": "1.0.1",
                  "dependencies": {
                    "binary-extensions": {
                      "version": "1.3.1"
                    }
                  }
                },
                "is-glob": {
                  "version": "2.0.1",
                  "dependencies": {
                    "is-extglob": {
                      "version": "1.0.0"
                    }
                  }
                },
                "lodash.flatten": {
                  "version": "3.0.2",
                  "dependencies": {
                    "lodash._baseflatten": {
                      "version": "3.1.4",
                      "dependencies": {
                        "lodash.isarguments": {
                          "version": "3.0.4"
                        },
                        "lodash.isarray": {
                          "version": "3.0.4"
                        }
                      }
                    },
                    "lodash._isiterateecall": {
                      "version": "3.0.9"
                    }
                  }
                },
                "readdirp": {
                  "version": "2.0.0",
                  "dependencies": {
                    "graceful-fs": {
                      "version": "4.1.2"
                    },
                    "minimatch": {
                      "version": "2.0.10",
                      "dependencies": {
                        "brace-expansion": {
                          "version": "1.1.1",
                          "dependencies": {
                            "balanced-match": {
                              "version": "0.2.1"
                            },
                            "concat-map": {
                              "version": "0.0.1"
                            }
                          }
                        }
                      }
                    },
                    "readable-stream": {
                      "version": "2.0.4",
                      "dependencies": {
                        "core-util-is": {
                          "version": "1.0.1"
                        },
                        "inherits": {
                          "version": "2.0.1"
                        },
                        "isarray": {
                          "version": "0.0.1"
                        },
                        "process-nextick-args": {
                          "version": "1.0.3"
                        },
                        "string_decoder": {
                          "version": "0.10.31"
                        },
                        "util-deprecate": {
                          "version": "1.0.2"
                        }
                      }
                    }
                  }
                },
                "fsevents": {
                  "version": "1.0.5",
                  "dependencies": {
                    "nan": {
                      "version": "2.1.0"
                    },
                    "node-pre-gyp": {
                      "version": "0.6.15",
                      "dependencies": {
                        "nopt": {
                          "version": "3.0.4"
                        }
                      }
                    },
                    "abbrev": {
                      "version": "1.0.7"
                    },
                    "ansi": {
                      "version": "0.3.0"
                    },
                    "ansi-regex": {
                      "version": "2.0.0"
                    },
                    "are-we-there-yet": {
                      "version": "1.0.4"
                    },
                    "ansi-styles": {
                      "version": "2.1.0"
                    },
                    "asn1": {
                      "version": "0.1.11"
                    },
                    "assert-plus": {
                      "version": "0.1.5"
                    },
                    "aws-sign2": {
                      "version": "0.6.0"
                    },
                    "async": {
                      "version": "1.5.0"
                    },
                    "balanced-match": {
                      "version": "0.2.1"
                    },
                    "block-stream": {
                      "version": "0.0.8"
                    },
                    "boom": {
                      "version": "2.10.1"
                    },
                    "brace-expansion": {
                      "version": "1.1.1"
                    },
                    "caseless": {
                      "version": "0.11.0"
                    },
                    "chalk": {
                      "version": "1.1.1"
                    },
                    "combined-stream": {
                      "version": "1.0.5"
                    },
                    "commander": {
                      "version": "2.9.0"
                    },
                    "concat-map": {
                      "version": "0.0.1"
                    },
                    "core-util-is": {
                      "version": "1.0.1"
                    },
                    "cryptiles": {
                      "version": "2.0.5"
                    },
                    "ctype": {
                      "version": "0.5.3"
                    },
                    "debug": {
                      "version": "0.7.4"
                    },
                    "deep-extend": {
                      "version": "0.2.11"
                    },
                    "delayed-stream": {
                      "version": "1.0.0"
                    },
                    "delegates": {
                      "version": "0.1.0"
                    },
                    "escape-string-regexp": {
                      "version": "1.0.3"
                    },
                    "extend": {
                      "version": "3.0.0"
                    },
                    "forever-agent": {
                      "version": "0.6.1"
                    },
                    "form-data": {
                      "version": "1.0.0-rc3"
                    },
                    "fstream": {
                      "version": "1.0.8"
                    },
                    "gauge": {
                      "version": "1.2.2"
                    },
                    "generate-function": {
                      "version": "2.0.0"
                    },
                    "generate-object-property": {
                      "version": "1.2.0"
                    },
                    "har-validator": {
                      "version": "2.0.2"
                    },
                    "graceful-fs": {
                      "version": "4.1.2"
                    },
                    "graceful-readlink": {
                      "version": "1.0.1"
                    },
                    "has-ansi": {
                      "version": "2.0.0"
                    },
                    "has-unicode": {
                      "version": "1.0.1"
                    },
                    "hoek": {
                      "version": "2.16.3"
                    },
                    "hawk": {
                      "version": "3.1.0"
                    },
                    "http-signature": {
                      "version": "0.11.0"
                    },
                    "inherits": {
                      "version": "2.0.1"
                    },
                    "ini": {
                      "version": "1.3.4"
                    },
                    "is-my-json-valid": {
                      "version": "2.12.2"
                    },
                    "is-property": {
                      "version": "1.0.2"
                    },
                    "isarray": {
                      "version": "0.0.1"
                    },
                    "isstream": {
                      "version": "0.1.2"
                    },
                    "json-stringify-safe": {
                      "version": "5.0.1"
                    },
                    "jsonpointer": {
                      "version": "2.0.0"
                    },
                    "lodash._basetostring": {
                      "version": "3.0.1"
                    },
                    "lodash.pad": {
                      "version": "3.1.1"
                    },
                    "lodash._createpadding": {
                      "version": "3.6.1"
                    },
                    "lodash.padleft": {
                      "version": "3.1.1"
                    },
                    "lodash.padright": {
                      "version": "3.1.1"
                    },
                    "lodash.repeat": {
                      "version": "3.0.1"
                    },
                    "mime-db": {
                      "version": "1.19.0"
                    },
                    "mime-types": {
                      "version": "2.1.7"
                    },
                    "minimist": {
                      "version": "0.0.8"
                    },
                    "mkdirp": {
                      "version": "0.5.1"
                    },
                    "node-uuid": {
                      "version": "1.4.3"
                    },
                    "npmlog": {
                      "version": "1.2.1"
                    },
                    "once": {
                      "version": "1.1.1"
                    },
                    "oauth-sign": {
                      "version": "0.8.0"
                    },
                    "pinkie": {
                      "version": "1.0.0"
                    },
                    "path-is-absolute": {
                      "version": "1.0.0"
                    },
                    "pinkie-promise": {
                      "version": "1.0.0"
                    },
                    "qs": {
                      "version": "5.2.0"
                    },
                    "request": {
                      "version": "2.65.0"
                    },
                    "readable-stream": {
                      "version": "1.1.13"
                    },
                    "semver": {
                      "version": "5.0.3"
                    },
                    "sntp": {
                      "version": "1.0.9"
                    },
                    "string_decoder": {
                      "version": "0.10.31"
                    },
                    "strip-ansi": {
                      "version": "3.0.0"
                    },
                    "strip-json-comments": {
                      "version": "0.1.3"
                    },
                    "supports-color": {
                      "version": "2.0.0"
                    },
                    "stringstream": {
                      "version": "0.0.5"
                    },
                    "tar": {
                      "version": "2.2.1"
                    },
                    "tough-cookie": {
                      "version": "2.2.0"
                    },
                    "tunnel-agent": {
                      "version": "0.4.1"
                    },
                    "uid-number": {
                      "version": "0.0.3"
                    },
                    "wrappy": {
                      "version": "1.0.1"
                    },
                    "xtend": {
                      "version": "4.0.1"
                    },
                    "fstream-ignore": {
                      "version": "1.0.3",
                      "dependencies": {
                        "minimatch": {
                          "version": "3.0.0"
                        }
                      }
                    },
                    "inflight": {
                      "version": "1.0.4",
                      "dependencies": {
                        "once": {
                          "version": "1.3.2"
                        }
                      }
                    },
                    "rc": {
                      "version": "1.1.2",
                      "dependencies": {
                        "minimist": {
                          "version": "1.2.0"
                        }
                      }
                    },
                    "rimraf": {
                      "version": "2.4.3",
                      "dependencies": {
                        "glob": {
                          "version": "5.0.15"
                        },
                        "minimatch": {
                          "version": "3.0.0"
                        },
                        "once": {
                          "version": "1.3.2"
                        }
                      }
                    },
                    "bl": {
                      "version": "1.0.0",
                      "dependencies": {
                        "readable-stream": {
                          "version": "2.0.4",
                          "dependencies": {
                            "core-util-is": {
                              "version": "1.0.1"
                            },
                            "inherits": {
                              "version": "2.0.1"
                            },
                            "isarray": {
                              "version": "0.0.1"
                            },
                            "process-nextick-args": {
                              "version": "1.0.3"
                            },
                            "string_decoder": {
                              "version": "0.10.31"
                            },
                            "util-deprecate": {
                              "version": "1.0.2"
                            }
                          }
                        }
                      }
                    },
                    "tar-pack": {
                      "version": "3.1.0",
                      "dependencies": {
                        "readable-stream": {
                          "version": "1.0.33",
                          "dependencies": {
                            "core-util-is": {
                              "version": "1.0.1"
                            },
                            "inherits": {
                              "version": "2.0.1"
                            },
                            "isarray": {
                              "version": "0.0.1"
                            },
                            "string_decoder": {
                              "version": "0.10.31"
                            }
                          }
                        },
                        "rimraf": {
                          "version": "2.2.8"
                        }
                      }
                    }
                  }
                }
              }
            },
            "commander": {
              "version": "2.9.0",
              "dependencies": {
                "graceful-readlink": {
                  "version": "1.0.1"
                }
              }
            },
            "convert-source-map": {
              "version": "1.1.1"
            },
            "fs-readdir-recursive": {
              "version": "0.1.2"
            },
            "glob": {
              "version": "5.0.15",
              "dependencies": {
                "inflight": {
                  "version": "1.0.4",
                  "dependencies": {
                    "wrappy": {
                      "version": "1.0.1"
                    }
                  }
                },
                "inherits": {
                  "version": "2.0.1"
                },
                "minimatch": {
                  "version": "3.0.0",
                  "dependencies": {
                    "brace-expansion": {
                      "version": "1.1.1",
                      "dependencies": {
                        "balanced-match": {
                          "version": "0.2.1"
                        },
                        "concat-map": {
                          "version": "0.0.1"
                        }
                      }
                    }
                  }
                },
                "once": {
                  "version": "1.3.2",
                  "dependencies": {
                    "wrappy": {
                      "version": "1.0.1"
                    }
                  }
                }
              }
            },
            "lodash": {
              "version": "3.10.1"
            },
            "output-file-sync": {
              "version": "1.1.1",
              "dependencies": {
                "mkdirp": {
                  "version": "0.5.1",
                  "dependencies": {
                    "minimist": {
                      "version": "0.0.8"
                    }
                  }
                },
                "xtend": {
                  "version": "4.0.1"
                }
              }
            },
            "path-exists": {
              "version": "1.0.0"
            },
            "path-is-absolute": {
              "version": "1.0.0"
            },
            "source-map": {
              "version": "0.5.3"
            },
            "slash": {
              "version": "1.0.0"
            }
          }
        },
        "babel-plugin-flow-comments": {
          "version": "1.0.9"
        },
        "exenv": {
          "version": "1.2.0"
        },
        "is-plain-object": {
          "version": "2.0.1",
          "dependencies": {
            "isobject": {
              "version": "1.0.2"
            }
          }
        },
        "rimraf": {
          "version": "2.4.3",
          "dependencies": {
            "glob": {
              "version": "5.0.15",
              "dependencies": {
                "inflight": {
                  "version": "1.0.4",
                  "dependencies": {
                    "wrappy": {
                      "version": "1.0.1"
                    }
                  }
                },
                "inherits": {
                  "version": "2.0.1"
                },
                "minimatch": {
                  "version": "3.0.0",
                  "dependencies": {
                    "brace-expansion": {
                      "version": "1.1.1",
                      "dependencies": {
                        "balanced-match": {
                          "version": "0.2.1"
                        },
                        "concat-map": {
                          "version": "0.0.1"
                        }
                      }
                    }
                  }
                },
                "once": {
                  "version": "1.3.2",
                  "dependencies": {
                    "wrappy": {
                      "version": "1.0.1"
                    }
                  }
                },
                "path-is-absolute": {
                  "version": "1.0.0"
                }
              }
            }
          }
        }
      }
    }
  }
}
